
Microsoft Visual Studio Solution File, Format Version 12.00
# Visual Studio Version 17
VisualStudioVersion = 17.12.35527.113
MinimumVisualStudioVersion = 10.0.40219.1
Project("{FAE04EC0-301F-11D3-BF4B-00C04F79EFBC}") = "CSharpEgitimKampi301.EntityLayer", "CSharpEgitimKampi301.EntityLayer\CSharpEgitimKampi301.EntityLayer.csproj", "{AA36D94A-9C31-419E-875D-D3E8BCEC242D}"
EndProject
Project("{FAE04EC0-301F-11D3-BF4B-00C04F79EFBC}") = "CSharpEgitimKampi301.DataAccessLayer", "CSharpEgitimKampi301.DataAccessLayer\CSharpEgitimKampi301.DataAccessLayer.csproj", "{DF36B6BC-B4A2-42BF-929A-7CD3AC374271}"
EndProject
Project("{FAE04EC0-301F-11D3-BF4B-00C04F79EFBC}") = "CSharpEgitimKampi301.BusinessLayer", "CSharpEgitimKampi301.BusinessLayer\CSharpEgitimKampi301.BusinessLayer.csproj", "{F17EC38C-FA35-4C23-B677-D681CD71555E}"
EndProject
Project("{FAE04EC0-301F-11D3-BF4B-00C04F79EFBC}") = "CSharpEgitimKampi301.PresentationLayer", "CSharpEgitimKampi301.PresentationLayer\CSharpEgitimKampi301.PresentationLayer.csproj", "{5270E2E3-6451-42E1-8579-E6EB8013A644}"
EndProject
Project("{FAE04EC0-301F-11D3-BF4B-00C04F79EFBC}") = "CSharpEgitimKampi301.EFProject", "CSharpEgitimKampi301.EFProject\CSharpEgitimKampi301.EFProject.csproj", "{7D6705B2-B46F-4190-9AB5-10199FE5A2CB}"
EndProject
Global
	GlobalSection(SolutionConfigurationPlatforms) = preSolution
		Debug|Any CPU = Debug|Any CPU
		Release|Any CPU = Release|Any CPU
	EndGlobalSection
	GlobalSection(ProjectConfigurationPlatforms) = postSolution
		{AA36D94A-9C31-419E-875D-D3E8BCEC242D}.Debug|Any CPU.ActiveCfg = Debug|Any CPU
		{AA36D94A-9C31-419E-875D-D3E8BCEC242D}.Debug|Any CPU.Build.0 = Debug|Any CPU
		{AA36D94A-9C31-419E-875D-D3E8BCEC242D}.Release|Any CPU.ActiveCfg = Release|Any CPU
		{AA36D94A-9C31-419E-875D-D3E8BCEC242D}.Release|Any CPU.Build.0 = Release|Any CPU
		{DF36B6BC-B4A2-42BF-929A-7CD3AC374271}.Debug|Any CPU.ActiveCfg = Debug|Any CPU
		{DF36B6BC-B4A2-42BF-929A-7CD3AC374271}.Debug|Any CPU.Build.0 = Debug|Any CPU
		{DF36B6BC-B4A2-42BF-929A-7CD3AC374271}.Release|Any CPU.ActiveCfg = Release|Any CPU
		{DF36B6BC-B4A2-42BF-929A-7CD3AC374271}.Release|Any CPU.Build.0 = Release|Any CPU
		{F17EC38C-FA35-4C23-B677-D681CD71555E}.Debug|Any CPU.ActiveCfg = Debug|Any CPU
		{F17EC38C-FA35-4C23-B677-D681CD71555E}.Debug|Any CPU.Build.0 = Debug|Any CPU
		{F17EC38C-FA35-4C23-B677-D681CD71555E}.Release|Any CPU.ActiveCfg = Release|Any CPU
		{F17EC38C-FA35-4C23-B677-D681CD71555E}.Release|Any CPU.Build.0 = Release|Any CPU
		{5270E2E3-6451-42E1-8579-E6EB8013A644}.Debug|Any CPU.ActiveCfg = Debug|Any CPU
		{5270E2E3-6451-42E1-8579-E6EB8013A644}.Debug|Any CPU.Build.0 = Debug|Any CPU
		{5270E2E3-6451-42E1-8579-E6EB8013A644}.Release|Any CPU.ActiveCfg = Release|Any CPU
		{5270E2E3-6451-42E1-8579-E6EB8013A644}.Release|Any CPU.Build.0 = Release|Any CPU
		{7D6705B2-B46F-4190-9AB5-10199FE5A2CB}.Debug|Any CPU.ActiveCfg = Debug|Any CPU
		{7D6705B2-B46F-4190-9AB5-10199FE5A2CB}.Debug|Any CPU.Build.0 = Debug|Any CPU
		{7D6705B2-B46F-4190-9AB5-10199FE5A2CB}.Release|Any CPU.ActiveCfg = Release|Any CPU
		{7D6705B2-B46F-4190-9AB5-10199FE5A2CB}.Release|Any CPU.Build.0 = Release|Any CPU
	EndGlobalSection
	GlobalSection(SolutionProperties) = preSolution
		HideSolutionNode = FALSE
	EndGlobalSection
EndGlobal
